// !$*UTF8*$!
{
	archiveVersion = 1;
	classes = {
	};
	objectVersion = 77;
	objects = {

/* Begin PBXBuildFile section */
		87A24CE82C72AD5E003898BE /* WidgetKit.framework in Frameworks */ = {isa = PBXBuildFile; fileRef = 87A24CE72C72AD5E003898BE /* WidgetKit.framework */; };
		87A24CEA2C72AD5E003898BE /* SwiftUI.framework in Frameworks */ = {isa = PBXBuildFile; fileRef = 87A24CE92C72AD5E003898BE /* SwiftUI.framework */; };
		87A24CF72C72AD60003898BE /* TalkTrackWidgetExtension.appex in Embed Foundation Extensions */ = {isa = PBXBuildFile; fileRef = 87A24CE52C72AD5E003898BE /* TalkTrackWidgetExtension.appex */; settings = {ATTRIBUTES = (RemoveHeadersOnCopy, ); }; };
		87EA81522C7A341300129C70 /* SwiftOpenAI in Frameworks */ = {isa = PBXBuildFile; productRef = 87EA81512C7A341300129C70 /* SwiftOpenAI */; };
/* End PBXBuildFile section */

/* Begin PBXContainerItemProxy section */
		87A24CC52C72ACCD003898BE /* PBXContainerItemProxy */ = {
			isa = PBXContainerItemProxy;
			containerPortal = 87A24CAC2C72ACCA003898BE /* Project object */;
			proxyType = 1;
			remoteGlobalIDString = 87A24CB32C72ACCA003898BE;
			remoteInfo = TalkTrack;
		};
		87A24CCF2C72ACCD003898BE /* PBXContainerItemProxy */ = {
			isa = PBXContainerItemProxy;
			containerPortal = 87A24CAC2C72ACCA003898BE /* Project object */;
			proxyType = 1;
			remoteGlobalIDString = 87A24CB32C72ACCA003898BE;
			remoteInfo = TalkTrack;
		};
		87A24CF52C72AD60003898BE /* PBXContainerItemProxy */ = {
			isa = PBXContainerItemProxy;
			containerPortal = 87A24CAC2C72ACCA003898BE /* Project object */;
			proxyType = 1;
			remoteGlobalIDString = 87A24CE42C72AD5E003898BE;
			remoteInfo = TalkTrackWidgetExtension;
		};
/* End PBXContainerItemProxy section */

/* Begin PBXCopyFilesBuildPhase section */
		87A24CFC2C72AD60003898BE /* Embed Foundation Extensions */ = {
			isa = PBXCopyFilesBuildPhase;
			buildActionMask = 2147483647;
			dstPath = "";
			dstSubfolderSpec = 13;
			files = (
				87A24CF72C72AD60003898BE /* TalkTrackWidgetExtension.appex in Embed Foundation Extensions */,
			);
			name = "Embed Foundation Extensions";
			runOnlyForDeploymentPostprocessing = 0;
		};
/* End PBXCopyFilesBuildPhase section */

/* Begin PBXFileReference section */
		87A24CB42C72ACCA003898BE /* TalkTrack.app */ = {isa = PBXFileReference; explicitFileType = wrapper.application; includeInIndex = 0; path = TalkTrack.app; sourceTree = BUILT_PRODUCTS_DIR; };
		87A24CC42C72ACCD003898BE /* TalkTrackTests.xctest */ = {isa = PBXFileReference; explicitFileType = wrapper.cfbundle; includeInIndex = 0; path = TalkTrackTests.xctest; sourceTree = BUILT_PRODUCTS_DIR; };
		87A24CCE2C72ACCD003898BE /* TalkTrackUITests.xctest */ = {isa = PBXFileReference; explicitFileType = wrapper.cfbundle; includeInIndex = 0; path = TalkTrackUITests.xctest; sourceTree = BUILT_PRODUCTS_DIR; };
		87A24CE52C72AD5E003898BE /* TalkTrackWidgetExtension.appex */ = {isa = PBXFileReference; explicitFileType = "wrapper.app-extension"; includeInIndex = 0; path = TalkTrackWidgetExtension.appex; sourceTree = BUILT_PRODUCTS_DIR; };
		87A24CE72C72AD5E003898BE /* WidgetKit.framework */ = {isa = PBXFileReference; lastKnownFileType = wrapper.framework; name = WidgetKit.framework; path = System/Library/Frameworks/WidgetKit.framework; sourceTree = SDKROOT; };
		87A24CE92C72AD5E003898BE /* SwiftUI.framework */ = {isa = PBXFileReference; lastKnownFileType = wrapper.framework; name = SwiftUI.framework; path = System/Library/Frameworks/SwiftUI.framework; sourceTree = SDKROOT; };
/* End PBXFileReference section */

/* Begin PBXFileSystemSynchronizedBuildFileExceptionSet section */
		87A24CF82C72AD60003898BE /* Exceptions for "TalkTrackWidget" folder in "TalkTrackWidgetExtension" target */ = {
			isa = PBXFileSystemSynchronizedBuildFileExceptionSet;
			membershipExceptions = (
				Info.plist,
			);
			target = 87A24CE42C72AD5E003898BE /* TalkTrackWidgetExtension */;
		};
		87A24D382C72C360003898BE /* Exceptions for "TalkTrack" folder in "TalkTrackWidgetExtension" target */ = {
			isa = PBXFileSystemSynchronizedBuildFileExceptionSet;
			membershipExceptions = (
				Shared/Models/ChatMessage.swift,
				Shared/Models/Conversation.swift,
				Shared/Models/Routine.swift,
				Shared/Utils/AppIntents.swift,
				Shared/Utils/FileManagerHelper.swift,
				Shared/Utils/JSONDecoderHelper.swift,
				Shared/Utils/LiveActivityManager.swift,
				Shared/Utils/NetworkManager.swift,
				Shared/Utils/SpeechRecognizer.swift,
			);
			target = 87A24CE42C72AD5E003898BE /* TalkTrackWidgetExtension */;
		};
		87A24D3E2C72C5A6003898BE /* Exceptions for "TalkTrackWidget" folder in "TalkTrack" target */ = {
			isa = PBXFileSystemSynchronizedBuildFileExceptionSet;
			membershipExceptions = (
				TalkTrackWidgetAttributes.swift,
			);
			target = 87A24CB32C72ACCA003898BE /* TalkTrack */;
		};
		87A24D432C72CB74003898BE /* Exceptions for "TalkTrack" folder in "TalkTrack" target */ = {
			isa = PBXFileSystemSynchronizedBuildFileExceptionSet;
			membershipExceptions = (
				Info.plist,
			);
			target = 87A24CB32C72ACCA003898BE /* TalkTrack */;
		};
		87EA814E2C7A337700129C70 /* Exceptions for "archived_OpenAI" folder in "TalkTrack" target */ = {
			isa = PBXFileSystemSynchronizedBuildFileExceptionSet;
			membershipExceptions = (
				Models/Assistants/Assistant.swift,
				Models/Assistants/Message.swift,
				Models/Assistants/ResponseFormat.swift,
				Models/Assistants/Run.swift,
				Models/Assistants/RunStep.swift,
				Models/Assistants/Thread.swift,
				Models/Assistants/Tool.swift,
				Models/Assistants/ToolResources.swift,
				Models/Assistants/VectorStore.swift,
				Models/Assistants/VectorStoreFile.swift,
				OpenAIAPI.swift,
			);
			target = 87A24CB32C72ACCA003898BE /* TalkTrack */;
		};
		87EA814F2C7A337700129C70 /* Exceptions for "archived_OpenAI" folder in "TalkTrackWidgetExtension" target */ = {
			isa = PBXFileSystemSynchronizedBuildFileExceptionSet;
			membershipExceptions = (
				Models/Assistants/Assistant.swift,
				Models/Assistants/Message.swift,
				Models/Assistants/ResponseFormat.swift,
				Models/Assistants/Run.swift,
				Models/Assistants/RunStep.swift,
				Models/Assistants/Thread.swift,
				Models/Assistants/Tool.swift,
				Models/Assistants/ToolResources.swift,
				Models/Assistants/VectorStore.swift,
				Models/Assistants/VectorStoreFile.swift,
				OpenAIAPI.swift,
			);
			target = 87A24CE42C72AD5E003898BE /* TalkTrackWidgetExtension */;
		};
/* End PBXFileSystemSynchronizedBuildFileExceptionSet section */

/* Begin PBXFileSystemSynchronizedRootGroup section */
		87A24CB62C72ACCA003898BE /* TalkTrack */ = {
			isa = PBXFileSystemSynchronizedRootGroup;
			exceptions = (
				87A24D432C72CB74003898BE /* Exceptions for "TalkTrack" folder in "TalkTrack" target */,
				87A24D382C72C360003898BE /* Exceptions for "TalkTrack" folder in "TalkTrackWidgetExtension" target */,
			);
			path = TalkTrack;
			sourceTree = "<group>";
		};
		87A24CC72C72ACCD003898BE /* TalkTrackTests */ = {
			isa = PBXFileSystemSynchronizedRootGroup;
			path = TalkTrackTests;
			sourceTree = "<group>";
		};
		87A24CD12C72ACCD003898BE /* TalkTrackUITests */ = {
			isa = PBXFileSystemSynchronizedRootGroup;
			path = TalkTrackUITests;
			sourceTree = "<group>";
		};
		87A24CEB2C72AD5E003898BE /* TalkTrackWidget */ = {
			isa = PBXFileSystemSynchronizedRootGroup;
			exceptions = (
				87A24D3E2C72C5A6003898BE /* Exceptions for "TalkTrackWidget" folder in "TalkTrack" target */,
				87A24CF82C72AD60003898BE /* Exceptions for "TalkTrackWidget" folder in "TalkTrackWidgetExtension" target */,
			);
			path = TalkTrackWidget;
			sourceTree = "<group>";
		};
		87EA814C2C7A335D00129C70 /* archived_OpenAI */ = {
			isa = PBXFileSystemSynchronizedRootGroup;
			exceptions = (
				87EA814E2C7A337700129C70 /* Exceptions for "archived_OpenAI" folder in "TalkTrack" target */,
				87EA814F2C7A337700129C70 /* Exceptions for "archived_OpenAI" folder in "TalkTrackWidgetExtension" target */,
			);
			path = archived_OpenAI;
			sourceTree = "<group>";
		};
/* End PBXFileSystemSynchronizedRootGroup section */

/* Begin PBXFrameworksBuildPhase section */
		87A24CB12C72ACCA003898BE /* Frameworks */ = {
			isa = PBXFrameworksBuildPhase;
			buildActionMask = 2147483647;
			files = (
				87EA81522C7A341300129C70 /* SwiftOpenAI in Frameworks */,
			);
			runOnlyForDeploymentPostprocessing = 0;
		};
		87A24CC12C72ACCD003898BE /* Frameworks */ = {
			isa = PBXFrameworksBuildPhase;
			buildActionMask = 2147483647;
			files = (
			);
			runOnlyForDeploymentPostprocessing = 0;
		};
		87A24CCB2C72ACCD003898BE /* Frameworks */ = {
			isa = PBXFrameworksBuildPhase;
			buildActionMask = 2147483647;
			files = (
			);
			runOnlyForDeploymentPostprocessing = 0;
		};
		87A24CE22C72AD5E003898BE /* Frameworks */ = {
			isa = PBXFrameworksBuildPhase;
			buildActionMask = 2147483647;
			files = (
				87A24CEA2C72AD5E003898BE /* SwiftUI.framework in Frameworks */,
				87A24CE82C72AD5E003898BE /* WidgetKit.framework in Frameworks */,
			);
			runOnlyForDeploymentPostprocessing = 0;
		};
/* End PBXFrameworksBuildPhase section */

/* Begin PBXGroup section */
		87A24CAB2C72ACCA003898BE = {
			isa = PBXGroup;
			children = (
				87A24CB62C72ACCA003898BE /* TalkTrack */,
				87A24CEB2C72AD5E003898BE /* TalkTrackWidget */,
				87A24CE62C72AD5E003898BE /* Frameworks */,
				87A24CB52C72ACCA003898BE /* Products */,
				87A24CD12C72ACCD003898BE /* TalkTrackUITests */,
				87A24CC72C72ACCD003898BE /* TalkTrackTests */,
				87EA814C2C7A335D00129C70 /* archived_OpenAI */,
			);
			sourceTree = "<group>";
		};
		87A24CB52C72ACCA003898BE /* Products */ = {
			isa = PBXGroup;
			children = (
				87A24CB42C72ACCA003898BE /* TalkTrack.app */,
				87A24CC42C72ACCD003898BE /* TalkTrackTests.xctest */,
				87A24CCE2C72ACCD003898BE /* TalkTrackUITests.xctest */,
				87A24CE52C72AD5E003898BE /* TalkTrackWidgetExtension.appex */,
			);
			name = Products;
			sourceTree = "<group>";
		};
		87A24CE62C72AD5E003898BE /* Frameworks */ = {
			isa = PBXGroup;
			children = (
				87A24CE72C72AD5E003898BE /* WidgetKit.framework */,
				87A24CE92C72AD5E003898BE /* SwiftUI.framework */,
			);
			name = Frameworks;
			sourceTree = "<group>";
		};
/* End PBXGroup section */

/* Begin PBXNativeTarget section */
		87A24CB32C72ACCA003898BE /* TalkTrack */ = {
			isa = PBXNativeTarget;
			buildConfigurationList = 87A24CD82C72ACCD003898BE /* Build configuration list for PBXNativeTarget "TalkTrack" */;
			buildPhases = (
				87A24CB02C72ACCA003898BE /* Sources */,
				87A24CB12C72ACCA003898BE /* Frameworks */,
				87A24CB22C72ACCA003898BE /* Resources */,
				87A24CFC2C72AD60003898BE /* Embed Foundation Extensions */,
			);
			buildRules = (
			);
			dependencies = (
				87A24CF62C72AD60003898BE /* PBXTargetDependency */,
			);
			fileSystemSynchronizedGroups = (
				87A24CB62C72ACCA003898BE /* TalkTrack */,
			);
			name = TalkTrack;
			packageProductDependencies = (
				87EA81512C7A341300129C70 /* SwiftOpenAI */,
			);
			productName = TalkTrack;
			productReference = 87A24CB42C72ACCA003898BE /* TalkTrack.app */;
			productType = "com.apple.product-type.application";
		};
		87A24CC32C72ACCD003898BE /* TalkTrackTests */ = {
			isa = PBXNativeTarget;
			buildConfigurationList = 87A24CDB2C72ACCD003898BE /* Build configuration list for PBXNativeTarget "TalkTrackTests" */;
			buildPhases = (
				87A24CC02C72ACCD003898BE /* Sources */,
				87A24CC12C72ACCD003898BE /* Frameworks */,
				87A24CC22C72ACCD003898BE /* Resources */,
			);
			buildRules = (
			);
			dependencies = (
				87A24CC62C72ACCD003898BE /* PBXTargetDependency */,
			);
			fileSystemSynchronizedGroups = (
				87A24CC72C72ACCD003898BE /* TalkTrackTests */,
			);
			name = TalkTrackTests;
			packageProductDependencies = (
			);
			productName = TalkTrackTests;
			productReference = 87A24CC42C72ACCD003898BE /* TalkTrackTests.xctest */;
			productType = "com.apple.product-type.bundle.unit-test";
		};
		87A24CCD2C72ACCD003898BE /* TalkTrackUITests */ = {
			isa = PBXNativeTarget;
			buildConfigurationList = 87A24CDE2C72ACCD003898BE /* Build configuration list for PBXNativeTarget "TalkTrackUITests" */;
			buildPhases = (
				87A24CCA2C72ACCD003898BE /* Sources */,
				87A24CCB2C72ACCD003898BE /* Frameworks */,
				87A24CCC2C72ACCD003898BE /* Resources */,
			);
			buildRules = (
			);
			dependencies = (
				87A24CD02C72ACCD003898BE /* PBXTargetDependency */,
			);
			fileSystemSynchronizedGroups = (
				87A24CD12C72ACCD003898BE /* TalkTrackUITests */,
			);
			name = TalkTrackUITests;
			packageProductDependencies = (
			);
			productName = TalkTrackUITests;
			productReference = 87A24CCE2C72ACCD003898BE /* TalkTrackUITests.xctest */;
			productType = "com.apple.product-type.bundle.ui-testing";
		};
		87A24CE42C72AD5E003898BE /* TalkTrackWidgetExtension */ = {
			isa = PBXNativeTarget;
			buildConfigurationList = 87A24CF92C72AD60003898BE /* Build configuration list for PBXNativeTarget "TalkTrackWidgetExtension" */;
			buildPhases = (
				87A24CE12C72AD5E003898BE /* Sources */,
				87A24CE22C72AD5E003898BE /* Frameworks */,
				87A24CE32C72AD5E003898BE /* Resources */,
			);
			buildRules = (
			);
			dependencies = (
			);
			fileSystemSynchronizedGroups = (
				87A24CEB2C72AD5E003898BE /* TalkTrackWidget */,
			);
			name = TalkTrackWidgetExtension;
			packageProductDependencies = (
			);
			productName = TalkTrackWidgetExtension;
			productReference = 87A24CE52C72AD5E003898BE /* TalkTrackWidgetExtension.appex */;
			productType = "com.apple.product-type.app-extension";
		};
/* End PBXNativeTarget section */

/* Begin PBXProject section */
		87A24CAC2C72ACCA003898BE /* Project object */ = {
			isa = PBXProject;
			attributes = {
				BuildIndependentTargetsInParallel = 1;
				LastSwiftUpdateCheck = 1610;
				LastUpgradeCheck = 1610;
				TargetAttributes = {
					87A24CB32C72ACCA003898BE = {
						CreatedOnToolsVersion = 16.1;
					};
					87A24CC32C72ACCD003898BE = {
						CreatedOnToolsVersion = 16.1;
						TestTargetID = 87A24CB32C72ACCA003898BE;
					};
					87A24CCD2C72ACCD003898BE = {
						CreatedOnToolsVersion = 16.1;
						TestTargetID = 87A24CB32C72ACCA003898BE;
					};
					87A24CE42C72AD5E003898BE = {
						CreatedOnToolsVersion = 16.1;
					};
				};
			};
			buildConfigurationList = 87A24CAF2C72ACCA003898BE /* Build configuration list for PBXProject "TalkTrack" */;
			developmentRegion = en;
			hasScannedForEncodings = 0;
			knownRegions = (
				en,
				Base,
			);
			mainGroup = 87A24CAB2C72ACCA003898BE;
			minimizedProjectReferenceProxies = 1;
			packageReferences = (
				87EA81502C7A341300129C70 /* XCRemoteSwiftPackageReference "SwiftOpenAI" */,
			);
			preferredProjectObjectVersion = 77;
			productRefGroup = 87A24CB52C72ACCA003898BE /* Products */;
			projectDirPath = "";
			projectRoot = "";
			targets = (
				87A24CB32C72ACCA003898BE /* TalkTrack */,
				87A24CC32C72ACCD003898BE /* TalkTrackTests */,
				87A24CCD2C72ACCD003898BE /* TalkTrackUITests */,
				87A24CE42C72AD5E003898BE /* TalkTrackWidgetExtension */,
			);
		};
/* End PBXProject section */

/* Begin PBXResourcesBuildPhase section */
		87A24CB22C72ACCA003898BE /* Resources */ = {
			isa = PBXResourcesBuildPhase;
			buildActionMask = 2147483647;
			files = (
			);
			runOnlyForDeploymentPostprocessing = 0;
		};
		87A24CC22C72ACCD003898BE /* Resources */ = {
			isa = PBXResourcesBuildPhase;
			buildActionMask = 2147483647;
			files = (
			);
			runOnlyForDeploymentPostprocessing = 0;
		};
		87A24CCC2C72ACCD003898BE /* Resources */ = {
			isa = PBXResourcesBuildPhase;
			buildActionMask = 2147483647;
			files = (
			);
			runOnlyForDeploymentPostprocessing = 0;
		};
		87A24CE32C72AD5E003898BE /* Resources */ = {
			isa = PBXResourcesBuildPhase;
			buildActionMask = 2147483647;
			files = (
			);
			runOnlyForDeploymentPostprocessing = 0;
		};
/* End PBXResourcesBuildPhase section */

/* Begin PBXSourcesBuildPhase section */
		87A24CB02C72ACCA003898BE /* Sources */ = {
			isa = PBXSourcesBuildPhase;
			buildActionMask = 2147483647;
			files = (
			);
			runOnlyForDeploymentPostprocessing = 0;
		};
		87A24CC02C72ACCD003898BE /* Sources */ = {
			isa = PBXSourcesBuildPhase;
			buildActionMask = 2147483647;
			files = (
			);
			runOnlyForDeploymentPostprocessing = 0;
		};
		87A24CCA2C72ACCD003898BE /* Sources */ = {
			isa = PBXSourcesBuildPhase;
			buildActionMask = 2147483647;
			files = (
			);
			runOnlyForDeploymentPostprocessing = 0;
		};
		87A24CE12C72AD5E003898BE /* Sources */ = {
			isa = PBXSourcesBuildPhase;
			buildActionMask = 2147483647;
			files = (
			);
			runOnlyForDeploymentPostprocessing = 0;
		};
/* End PBXSourcesBuildPhase section */

/* Begin PBXTargetDependency section */
		87A24CC62C72ACCD003898BE /* PBXTargetDependency */ = {
			isa = PBXTargetDependency;
			target = 87A24CB32C72ACCA003898BE /* TalkTrack */;
			targetProxy = 87A24CC52C72ACCD003898BE /* PBXContainerItemProxy */;
		};
		87A24CD02C72ACCD003898BE /* PBXTargetDependency */ = {
			isa = PBXTargetDependency;
			target = 87A24CB32C72ACCA003898BE /* TalkTrack */;
			targetProxy = 87A24CCF2C72ACCD003898BE /* PBXContainerItemProxy */;
		};
		87A24CF62C72AD60003898BE /* PBXTargetDependency */ = {
			isa = PBXTargetDependency;
			target = 87A24CE42C72AD5E003898BE /* TalkTrackWidgetExtension */;
			targetProxy = 87A24CF52C72AD60003898BE /* PBXContainerItemProxy */;
		};
/* End PBXTargetDependency section */

/* Begin XCBuildConfiguration section */
		87A24CD62C72ACCD003898BE /* Debug */ = {
			isa = XCBuildConfiguration;
			buildSettings = {
				ALWAYS_SEARCH_USER_PATHS = NO;
				ASSETCATALOG_COMPILER_GENERATE_SWIFT_ASSET_SYMBOL_EXTENSIONS = YES;
				CLANG_ANALYZER_NONNULL = YES;
				CLANG_ANALYZER_NUMBER_OBJECT_CONVERSION = YES_AGGRESSIVE;
				CLANG_CXX_LANGUAGE_STANDARD = "gnu++20";
				CLANG_ENABLE_MODULES = YES;
				CLANG_ENABLE_OBJC_ARC = YES;
				CLANG_ENABLE_OBJC_WEAK = YES;
				CLANG_WARN_BLOCK_CAPTURE_AUTORELEASING = YES;
				CLANG_WARN_BOOL_CONVERSION = YES;
				CLANG_WARN_COMMA = YES;
				CLANG_WARN_CONSTANT_CONVERSION = YES;
				CLANG_WARN_DEPRECATED_OBJC_IMPLEMENTATIONS = YES;
				CLANG_WARN_DIRECT_OBJC_ISA_USAGE = YES_ERROR;
				CLANG_WARN_DOCUMENTATION_COMMENTS = YES;
				CLANG_WARN_EMPTY_BODY = YES;
				CLANG_WARN_ENUM_CONVERSION = YES;
				CLANG_WARN_INFINITE_RECURSION = YES;
				CLANG_WARN_INT_CONVERSION = YES;
				CLANG_WARN_NON_LITERAL_NULL_CONVERSION = YES;
				CLANG_WARN_OBJC_IMPLICIT_RETAIN_SELF = YES;
				CLANG_WARN_OBJC_LITERAL_CONVERSION = YES;
				CLANG_WARN_OBJC_ROOT_CLASS = YES_ERROR;
				CLANG_WARN_QUOTED_INCLUDE_IN_FRAMEWORK_HEADER = YES;
				CLANG_WARN_RANGE_LOOP_ANALYSIS = YES;
				CLANG_WARN_STRICT_PROTOTYPES = YES;
				CLANG_WARN_SUSPICIOUS_MOVE = YES;
				CLANG_WARN_UNGUARDED_AVAILABILITY = YES_AGGRESSIVE;
				CLANG_WARN_UNREACHABLE_CODE = YES;
				CLANG_WARN__DUPLICATE_METHOD_MATCH = YES;
				COPY_PHASE_STRIP = NO;
				DEBUG_INFORMATION_FORMAT = dwarf;
				ENABLE_STRICT_OBJC_MSGSEND = YES;
				ENABLE_TESTABILITY = YES;
				ENABLE_USER_SCRIPT_SANDBOXING = YES;
				GCC_C_LANGUAGE_STANDARD = gnu17;
				GCC_DYNAMIC_NO_PIC = NO;
				GCC_NO_COMMON_BLOCKS = YES;
				GCC_OPTIMIZATION_LEVEL = 0;
				GCC_PREPROCESSOR_DEFINITIONS = (
					"DEBUG=1",
					"$(inherited)",
				);
				GCC_WARN_64_TO_32_BIT_CONVERSION = YES;
				GCC_WARN_ABOUT_RETURN_TYPE = YES_ERROR;
				GCC_WARN_UNDECLARED_SELECTOR = YES;
				GCC_WARN_UNINITIALIZED_AUTOS = YES_AGGRESSIVE;
				GCC_WARN_UNUSED_FUNCTION = YES;
				GCC_WARN_UNUSED_VARIABLE = YES;
				IPHONEOS_DEPLOYMENT_TARGET = 18.0;
				LOCALIZATION_PREFERS_STRING_CATALOGS = YES;
				MTL_ENABLE_DEBUG_INFO = INCLUDE_SOURCE;
				MTL_FAST_MATH = YES;
				ONLY_ACTIVE_ARCH = YES;
				SDKROOT = iphoneos;
				SWIFT_ACTIVE_COMPILATION_CONDITIONS = "DEBUG $(inherited)";
				SWIFT_OPTIMIZATION_LEVEL = "-Onone";
			};
			name = Debug;
		};
		87A24CD72C72ACCD003898BE /* Release */ = {
			isa = XCBuildConfiguration;
			buildSettings = {
				ALWAYS_SEARCH_USER_PATHS = NO;
				ASSETCATALOG_COMPILER_GENERATE_SWIFT_ASSET_SYMBOL_EXTENSIONS = YES;
				CLANG_ANALYZER_NONNULL = YES;
				CLANG_ANALYZER_NUMBER_OBJECT_CONVERSION = YES_AGGRESSIVE;
				CLANG_CXX_LANGUAGE_STANDARD = "gnu++20";
				CLANG_ENABLE_MODULES = YES;
				CLANG_ENABLE_OBJC_ARC = YES;
				CLANG_ENABLE_OBJC_WEAK = YES;
				CLANG_WARN_BLOCK_CAPTURE_AUTORELEASING = YES;
				CLANG_WARN_BOOL_CONVERSION = YES;
				CLANG_WARN_COMMA = YES;
				CLANG_WARN_CONSTANT_CONVERSION = YES;
				CLANG_WARN_DEPRECATED_OBJC_IMPLEMENTATIONS = YES;
				CLANG_WARN_DIRECT_OBJC_ISA_USAGE = YES_ERROR;
				CLANG_WARN_DOCUMENTATION_COMMENTS = YES;
				CLANG_WARN_EMPTY_BODY = YES;
				CLANG_WARN_ENUM_CONVERSION = YES;
				CLANG_WARN_INFINITE_RECURSION = YES;
				CLANG_WARN_INT_CONVERSION = YES;
				CLANG_WARN_NON_LITERAL_NULL_CONVERSION = YES;
				CLANG_WARN_OBJC_IMPLICIT_RETAIN_SELF = YES;
				CLANG_WARN_OBJC_LITERAL_CONVERSION = YES;
				CLANG_WARN_OBJC_ROOT_CLASS = YES_ERROR;
				CLANG_WARN_QUOTED_INCLUDE_IN_FRAMEWORK_HEADER = YES;
				CLANG_WARN_RANGE_LOOP_ANALYSIS = YES;
				CLANG_WARN_STRICT_PROTOTYPES = YES;
				CLANG_WARN_SUSPICIOUS_MOVE = YES;
				CLANG_WARN_UNGUARDED_AVAILABILITY = YES_AGGRESSIVE;
				CLANG_WARN_UNREACHABLE_CODE = YES;
				CLANG_WARN__DUPLICATE_METHOD_MATCH = YES;
				COPY_PHASE_STRIP = NO;
				DEBUG_INFORMATION_FORMAT = "dwarf-with-dsym";
				ENABLE_NS_ASSERTIONS = NO;
				ENABLE_STRICT_OBJC_MSGSEND = YES;
				ENABLE_USER_SCRIPT_SANDBOXING = YES;
				GCC_C_LANGUAGE_STANDARD = gnu17;
				GCC_NO_COMMON_BLOCKS = YES;
				GCC_WARN_64_TO_32_BIT_CONVERSION = YES;
				GCC_WARN_ABOUT_RETURN_TYPE = YES_ERROR;
				GCC_WARN_UNDECLARED_SELECTOR = YES;
				GCC_WARN_UNINITIALIZED_AUTOS = YES_AGGRESSIVE;
				GCC_WARN_UNUSED_FUNCTION = YES;
				GCC_WARN_UNUSED_VARIABLE = YES;
				IPHONEOS_DEPLOYMENT_TARGET = 18.0;
				LOCALIZATION_PREFERS_STRING_CATALOGS = YES;
				MTL_ENABLE_DEBUG_INFO = NO;
				MTL_FAST_MATH = YES;
				SDKROOT = iphoneos;
				SWIFT_COMPILATION_MODE = wholemodule;
				VALIDATE_PRODUCT = YES;
			};
			name = Release;
		};
		87A24CD92C72ACCD003898BE /* Debug */ = {
			isa = XCBuildConfiguration;
			buildSettings = {
				ASSETCATALOG_COMPILER_APPICON_NAME = AppIcon;
				ASSETCATALOG_COMPILER_GLOBAL_ACCENT_COLOR_NAME = AccentColor;
				CODE_SIGN_STYLE = Automatic;
				CURRENT_PROJECT_VERSION = 1;
				DEVELOPMENT_ASSET_PATHS = "\"TalkTrack/Preview Content\"";
				DEVELOPMENT_TEAM = 36D95XX5WY;
				ENABLE_PREVIEWS = YES;
				GENERATE_INFOPLIST_FILE = YES;
				INFOPLIST_FILE = TalkTrack/Info.plist;
				INFOPLIST_KEY_NSMicrophoneUsageDescription = "This app uses your microphone to facilitate tracking workouts.";
				INFOPLIST_KEY_NSSpeechRecognitionUsageDescription = "The app uses speech recognition for tracking workouts.";
				INFOPLIST_KEY_NSSupportsLiveActivities = YES;
				INFOPLIST_KEY_UIApplicationSceneManifest_Generation = YES;
				INFOPLIST_KEY_UIApplicationSupportsIndirectInputEvents = YES;
				INFOPLIST_KEY_UILaunchScreen_Generation = YES;
				INFOPLIST_KEY_UISupportedInterfaceOrientations_iPad = "UIInterfaceOrientationPortrait UIInterfaceOrientationPortraitUpsideDown UIInterfaceOrientationLandscapeLeft UIInterfaceOrientationLandscapeRight";
				INFOPLIST_KEY_UISupportedInterfaceOrientations_iPhone = "UIInterfaceOrientationPortrait UIInterfaceOrientationLandscapeLeft UIInterfaceOrientationLandscapeRight";
				LD_RUNPATH_SEARCH_PATHS = (
					"$(inherited)",
					"@executable_path/Frameworks",
				);
				MARKETING_VERSION = 1.0;
				PRODUCT_BUNDLE_IDENTIFIER = com.ryanhebel.TalkTrack;
				PRODUCT_NAME = "$(TARGET_NAME)";
				SWIFT_EMIT_LOC_STRINGS = YES;
				SWIFT_VERSION = 5.0;
				TARGETED_DEVICE_FAMILY = "1,2";
			};
			name = Debug;
		};
		87A24CDA2C72ACCD003898BE /* Release */ = {
			isa = XCBuildConfiguration;
			buildSettings = {
				ASSETCATALOG_COMPILER_APPICON_NAME = AppIcon;
				ASSETCATALOG_COMPILER_GLOBAL_ACCENT_COLOR_NAME = AccentColor;
				CODE_SIGN_STYLE = Automatic;
				CURRENT_PROJECT_VERSION = 1;
				DEVELOPMENT_ASSET_PATHS = "\"TalkTrack/Preview Content\"";
				DEVELOPMENT_TEAM = 36D95XX5WY;
				ENABLE_PREVIEWS = YES;
				GENERATE_INFOPLIST_FILE = YES;
				INFOPLIST_FILE = TalkTrack/Info.plist;
				INFOPLIST_KEY_NSMicrophoneUsageDescription = "This app uses your microphone to facilitate tracking workouts.";
				INFOPLIST_KEY_NSSpeechRecognitionUsageDescription = "The app uses speech recognition for tracking workouts.";
				INFOPLIST_KEY_NSSupportsLiveActivities = YES;
				INFOPLIST_KEY_UIApplicationSceneManifest_Generation = YES;
				INFOPLIST_KEY_UIApplicationSupportsIndirectInputEvents = YES;
				INFOPLIST_KEY_UILaunchScreen_Generation = YES;
				INFOPLIST_KEY_UISupportedInterfaceOrientations_iPad = "UIInterfaceOrientationPortrait UIInterfaceOrientationPortraitUpsideDown UIInterfaceOrientationLandscapeLeft UIInterfaceOrientationLandscapeRight";
				INFOPLIST_KEY_UISupportedInterfaceOrientations_iPhone = "UIInterfaceOrientationPortrait UIInterfaceOrientationLandscapeLeft UIInterfaceOrientationLandscapeRight";
				LD_RUNPATH_SEARCH_PATHS = (
					"$(inherited)",
					"@executable_path/Frameworks",
				);
				MARKETING_VERSION = 1.0;
				PRODUCT_BUNDLE_IDENTIFIER = com.ryanhebel.TalkTrack;
				PRODUCT_NAME = "$(TARGET_NAME)";
				SWIFT_EMIT_LOC_STRINGS = YES;
				SWIFT_VERSION = 5.0;
				TARGETED_DEVICE_FAMILY = "1,2";
			};
			name = Release;
		};
		87A24CDC2C72ACCD003898BE /* Debug */ = {
			isa = XCBuildConfiguration;
			buildSettings = {
				BUNDLE_LOADER = "$(TEST_HOST)";
				CODE_SIGN_STYLE = Automatic;
				CURRENT_PROJECT_VERSION = 1;
				DEVELOPMENT_TEAM = 36D95XX5WY;
				GENERATE_INFOPLIST_FILE = YES;
				IPHONEOS_DEPLOYMENT_TARGET = 18.1;
				MARKETING_VERSION = 1.0;
				PRODUCT_BUNDLE_IDENTIFIER = com.ryanhebel.TalkTrackTests;
				PRODUCT_NAME = "$(TARGET_NAME)";
				SWIFT_EMIT_LOC_STRINGS = NO;
				SWIFT_VERSION = 5.0;
				TARGETED_DEVICE_FAMILY = "1,2";
				TEST_HOST = "$(BUILT_PRODUCTS_DIR)/TalkTrack.app/$(BUNDLE_EXECUTABLE_FOLDER_PATH)/TalkTrack";
			};
			name = Debug;
		};
		87A24CDD2C72ACCD003898BE /* Release */ = {
			isa = XCBuildConfiguration;
			buildSettings = {
				BUNDLE_LOADER = "$(TEST_HOST)";
				CODE_SIGN_STYLE = Automatic;
				CURRENT_PROJECT_VERSION = 1;
				DEVELOPMENT_TEAM = 36D95XX5WY;
				GENERATE_INFOPLIST_FILE = YES;
				IPHONEOS_DEPLOYMENT_TARGET = 18.1;
				MARKETING_VERSION = 1.0;
				PRODUCT_BUNDLE_IDENTIFIER = com.ryanhebel.TalkTrackTests;
				PRODUCT_NAME = "$(TARGET_NAME)";
				SWIFT_EMIT_LOC_STRINGS = NO;
				SWIFT_VERSION = 5.0;
				TARGETED_DEVICE_FAMILY = "1,2";
				TEST_HOST = "$(BUILT_PRODUCTS_DIR)/TalkTrack.app/$(BUNDLE_EXECUTABLE_FOLDER_PATH)/TalkTrack";
			};
			name = Release;
		};
		87A24CDF2C72ACCD003898BE /* Debug */ = {
			isa = XCBuildConfiguration;
			buildSettings = {
				CODE_SIGN_STYLE = Automatic;
				CURRENT_PROJECT_VERSION = 1;
				DEVELOPMENT_TEAM = 36D95XX5WY;
				GENERATE_INFOPLIST_FILE = YES;
				MARKETING_VERSION = 1.0;
				PRODUCT_BUNDLE_IDENTIFIER = com.ryanhebel.TalkTrackUITests;
				PRODUCT_NAME = "$(TARGET_NAME)";
				SWIFT_EMIT_LOC_STRINGS = NO;
				SWIFT_VERSION = 5.0;
				TARGETED_DEVICE_FAMILY = "1,2";
				TEST_TARGET_NAME = TalkTrack;
			};
			name = Debug;
		};
		87A24CE02C72ACCD003898BE /* Release */ = {
			isa = XCBuildConfiguration;
			buildSettings = {
				CODE_SIGN_STYLE = Automatic;
				CURRENT_PROJECT_VERSION = 1;
				DEVELOPMENT_TEAM = 36D95XX5WY;
				GENERATE_INFOPLIST_FILE = YES;
				MARKETING_VERSION = 1.0;
				PRODUCT_BUNDLE_IDENTIFIER = com.ryanhebel.TalkTrackUITests;
				PRODUCT_NAME = "$(TARGET_NAME)";
				SWIFT_EMIT_LOC_STRINGS = NO;
				SWIFT_VERSION = 5.0;
				TARGETED_DEVICE_FAMILY = "1,2";
				TEST_TARGET_NAME = TalkTrack;
			};
			name = Release;
		};
		87A24CFA2C72AD60003898BE /* Debug */ = {
			isa = XCBuildConfiguration;
			buildSettings = {
				ASSETCATALOG_COMPILER_GLOBAL_ACCENT_COLOR_NAME = AccentColor;
				ASSETCATALOG_COMPILER_WIDGET_BACKGROUND_COLOR_NAME = WidgetBackground;
				CODE_SIGN_STYLE = Automatic;
				CURRENT_PROJECT_VERSION = 1;
				DEVELOPMENT_TEAM = 36D95XX5WY;
				GENERATE_INFOPLIST_FILE = YES;
				INFOPLIST_FILE = TalkTrackWidget/Info.plist;
				INFOPLIST_KEY_CFBundleDisplayName = TalkTrackWidget;
				INFOPLIST_KEY_NSHumanReadableCopyright = "";
				LD_RUNPATH_SEARCH_PATHS = (
					"$(inherited)",
					"@executable_path/Frameworks",
					"@executable_path/../../Frameworks",
				);
				MARKETING_VERSION = 1.0;
				PRODUCT_BUNDLE_IDENTIFIER = com.ryanhebel.TalkTrack.TalkTrackWidget;
				PRODUCT_NAME = "$(TARGET_NAME)";
				SKIP_INSTALL = YES;
				SWIFT_EMIT_LOC_STRINGS = YES;
				SWIFT_VERSION = 5.0;
				TARGETED_DEVICE_FAMILY = "1,2";
			};
			name = Debug;
		};
		87A24CFB2C72AD60003898BE /* Release */ = {
			isa = XCBuildConfiguration;
			buildSettings = {
				ASSETCATALOG_COMPILER_GLOBAL_ACCENT_COLOR_NAME = AccentColor;
				ASSETCATALOG_COMPILER_WIDGET_BACKGROUND_COLOR_NAME = WidgetBackground;
				CODE_SIGN_STYLE = Automatic;
				CURRENT_PROJECT_VERSION = 1;
				DEVELOPMENT_TEAM = 36D95XX5WY;
				GENERATE_INFOPLIST_FILE = YES;
				INFOPLIST_FILE = TalkTrackWidget/Info.plist;
				INFOPLIST_KEY_CFBundleDisplayName = TalkTrackWidget;
				INFOPLIST_KEY_NSHumanReadableCopyright = "";
				LD_RUNPATH_SEARCH_PATHS = (
					"$(inherited)",
					"@executable_path/Frameworks",
					"@executable_path/../../Frameworks",
				);
				MARKETING_VERSION = 1.0;
				PRODUCT_BUNDLE_IDENTIFIER = com.ryanhebel.TalkTrack.TalkTrackWidget;
				PRODUCT_NAME = "$(TARGET_NAME)";
				SKIP_INSTALL = YES;
				SWIFT_EMIT_LOC_STRINGS = YES;
				SWIFT_VERSION = 5.0;
				TARGETED_DEVICE_FAMILY = "1,2";
			};
			name = Release;
		};
/* End XCBuildConfiguration section */

/* Begin XCConfigurationList section */
		87A24CAF2C72ACCA003898BE /* Build configuration list for PBXProject "TalkTrack" */ = {
			isa = XCConfigurationList;
			buildConfigurations = (
				87A24CD62C72ACCD003898BE /* Debug */,
				87A24CD72C72ACCD003898BE /* Release */,
			);
			defaultConfigurationIsVisible = 0;
			defaultConfigurationName = Release;
		};
		87A24CD82C72ACCD003898BE /* Build configuration list for PBXNativeTarget "TalkTrack" */ = {
			isa = XCConfigurationList;
			buildConfigurations = (
				87A24CD92C72ACCD003898BE /* Debug */,
				87A24CDA2C72ACCD003898BE /* Release */,
			);
			defaultConfigurationIsVisible = 0;
			defaultConfigurationName = Release;
		};
		87A24CDB2C72ACCD003898BE /* Build configuration list for PBXNativeTarget "TalkTrackTests" */ = {
			isa = XCConfigurationList;
			buildConfigurations = (
				87A24CDC2C72ACCD003898BE /* Debug */,
				87A24CDD2C72ACCD003898BE /* Release */,
			);
			defaultConfigurationIsVisible = 0;
			defaultConfigurationName = Release;
		};
		87A24CDE2C72ACCD003898BE /* Build configuration list for PBXNativeTarget "TalkTrackUITests" */ = {
			isa = XCConfigurationList;
			buildConfigurations = (
				87A24CDF2C72ACCD003898BE /* Debug */,
				87A24CE02C72ACCD003898BE /* Release */,
			);
			defaultConfigurationIsVisible = 0;
			defaultConfigurationName = Release;
		};
		87A24CF92C72AD60003898BE /* Build configuration list for PBXNativeTarget "TalkTrackWidgetExtension" */ = {
			isa = XCConfigurationList;
			buildConfigurations = (
				87A24CFA2C72AD60003898BE /* Debug */,
				87A24CFB2C72AD60003898BE /* Release */,
			);
			defaultConfigurationIsVisible = 0;
			defaultConfigurationName = Release;
		};
/* End XCConfigurationList section */

/* Begin XCRemoteSwiftPackageReference section */
		87EA81502C7A341300129C70 /* XCRemoteSwiftPackageReference "SwiftOpenAI" */ = {
			isa = XCRemoteSwiftPackageReference;
			repositoryURL = "https://github.com/jamesrochabrun/SwiftOpenAI";
			requirement = {
				kind = upToNextMajorVersion;
				minimumVersion = 3.4.0;
			};
		};
/* End XCRemoteSwiftPackageReference section */

/* Begin XCSwiftPackageProductDependency section */
		87EA81512C7A341300129C70 /* SwiftOpenAI */ = {
			isa = XCSwiftPackageProductDependency;
			package = 87EA81502C7A341300129C70 /* XCRemoteSwiftPackageReference "SwiftOpenAI" */;
			productName = SwiftOpenAI;
		};
/* End XCSwiftPackageProductDependency section */
	};
	rootObject = 87A24CAC2C72ACCA003898BE /* Project object */;
}
